
Microsoft Visual Studio Solution File, Format Version 12.00
# Visual Studio Version 17
VisualStudioVersion = 17.7.34202.233
MinimumVisualStudioVersion = 10.0.40219.1
Project("{FAE04EC0-301F-11D3-BF4B-00C04F79EFBC}") = "WinFormsApp1", "WinFormsApp1\WinFormsApp1.csproj", "{4F14BE4C-D28C-4F54-986F-F2995F1D1F8B}"
EndProject
Global
	GlobalSection(SolutionConfigurationPlatforms) = preSolution
		Debug|Any CPU = Debug|Any CPU
		Release|Any CPU = Release|Any CPU
	EndGlobalSection
	GlobalSection(ProjectConfigurationPlatforms) = postSolution
		{4F14BE4C-D28C-4F54-986F-F2995F1D1F8B}.Debug|Any CPU.ActiveCfg = Debug|Any CPU
		{4F14BE4C-D28C-4F54-986F-F2995F1D1F8B}.Debug|Any CPU.Build.0 = Debug|Any CPU
		{4F14BE4C-D28C-4F54-986F-F2995F1D1F8B}.Release|Any CPU.ActiveCfg = Release|Any CPU
		{4F14BE4C-D28C-4F54-986F-F2995F1D1F8B}.Release|Any CPU.Build.0 = Release|Any CPU
	EndGlobalSection
	GlobalSection(SolutionProperties) = preSolution
		HideSolutionNode = FALSE
	EndGlobalSection
	GlobalSection(ExtensibilityGlobals) = postSolution
		SolutionGuid = {96F2FC9D-A736-48C2-A873-E11226C936D1}
	EndGlobalSection
EndGlobal
