
Microsoft Visual Studio Solution File, Format Version 12.00
# Visual Studio Version 17
VisualStudioVersion = 17.7.34202.233
MinimumVisualStudioVersion = 10.0.40219.1
Project("{FAE04EC0-301F-11D3-BF4B-00C04F79EFBC}") = "WinFormsApp3", "WinFormsApp3\WinFormsApp3.csproj", "{24FB5E31-32C9-43FD-B3AB-70015F8796E0}"
EndProject
Global
	GlobalSection(SolutionConfigurationPlatforms) = preSolution
		Debug|Any CPU = Debug|Any CPU
		Release|Any CPU = Release|Any CPU
	EndGlobalSection
	GlobalSection(ProjectConfigurationPlatforms) = postSolution
		{24FB5E31-32C9-43FD-B3AB-70015F8796E0}.Debug|Any CPU.ActiveCfg = Debug|Any CPU
		{24FB5E31-32C9-43FD-B3AB-70015F8796E0}.Debug|Any CPU.Build.0 = Debug|Any CPU
		{24FB5E31-32C9-43FD-B3AB-70015F8796E0}.Release|Any CPU.ActiveCfg = Release|Any CPU
		{24FB5E31-32C9-43FD-B3AB-70015F8796E0}.Release|Any CPU.Build.0 = Release|Any CPU
	EndGlobalSection
	GlobalSection(SolutionProperties) = preSolution
		HideSolutionNode = FALSE
	EndGlobalSection
	GlobalSection(ExtensibilityGlobals) = postSolution
		SolutionGuid = {170C4A4C-4DA9-4731-A9F5-600369D0270F}
	EndGlobalSection
EndGlobal
